// !$*UTF8*$!
{
	archiveVersion = 1;
	classes = {
	};
	objectVersion = 56;
	objects = {

/* Begin PBXBuildFile section */
		FB1069A92B0FD19100A5933E /* AlertPresenterSpy.swift in Sources */ = {isa = PBXBuildFile; fileRef = FB1069A82B0FD19100A5933E /* AlertPresenterSpy.swift */; };
		FB1069AB2B0FD47D00A5933E /* ImageFeedTests_ProfileViewController.swift in Sources */ = {isa = PBXBuildFile; fileRef = FB1069AA2B0FD47D00A5933E /* ImageFeedTests_ProfileViewController.swift */; };
		FB1069AD2B0FDB6400A5933E /* ImageListServiceSpy.swift in Sources */ = {isa = PBXBuildFile; fileRef = FB1069AC2B0FDB6400A5933E /* ImageListServiceSpy.swift */; };
		FB1069AF2B0FE7AC00A5933E /* OAuth2TokenStorageSpy.swift in Sources */ = {isa = PBXBuildFile; fileRef = FB1069AE2B0FE7AC00A5933E /* OAuth2TokenStorageSpy.swift */; };
		FB10753C2B01279100953CA1 /* AbbreviatedPhoto.swift in Sources */ = {isa = PBXBuildFile; fileRef = FB10753B2B01279100953CA1 /* AbbreviatedPhoto.swift */; };
		FB10753E2B03F21500953CA1 /* AlertPresenter.swift in Sources */ = {isa = PBXBuildFile; fileRef = FB10753D2B03F21500953CA1 /* AlertPresenter.swift */; };
		FB1DF4392AE9940600D92905 /* Kingfisher in Frameworks */ = {isa = PBXBuildFile; productRef = FB1DF4382AE9940600D92905 /* Kingfisher */; };
		FB1DF43C2AE9A65F00D92905 /* SwiftKeychainWrapper in Frameworks */ = {isa = PBXBuildFile; productRef = FB1DF43B2AE9A65F00D92905 /* SwiftKeychainWrapper */; };
		FB1DF43F2AEAE9E900D92905 /* TabBarController.swift in Sources */ = {isa = PBXBuildFile; fileRef = FB1DF43E2AEAE9E900D92905 /* TabBarController.swift */; };
		FB2CFD5F2AC5D3F1009E83E0 /* Constants.swift in Sources */ = {isa = PBXBuildFile; fileRef = FB2CFD5E2AC5D3F1009E83E0 /* Constants.swift */; };
		FB2CFD612AC80828009E83E0 /* AuthViewController.swift in Sources */ = {isa = PBXBuildFile; fileRef = FB2CFD602AC80828009E83E0 /* AuthViewController.swift */; };
		FB34595E2AAF8CF90002B8F5 /* ProfileViewController.swift in Sources */ = {isa = PBXBuildFile; fileRef = FB34595D2AAF8CF90002B8F5 /* ProfileViewController.swift */; };
		FB3948A42B07F38200BDD317 /* TopMostVC.swift in Sources */ = {isa = PBXBuildFile; fileRef = FB3948A32B07F38200BDD317 /* TopMostVC.swift */; };
		FB3948A62B09253700BDD317 /* PhotoResult.swift in Sources */ = {isa = PBXBuildFile; fileRef = FB3948A52B09253700BDD317 /* PhotoResult.swift */; };
		FB3A97FB2AC8596F00973175 /* WebViewViewController.swift in Sources */ = {isa = PBXBuildFile; fileRef = FB3A97FA2AC8596F00973175 /* WebViewViewController.swift */; };
		FB3D12C72AD473C9001CE4A9 /* ProgressHUD in Frameworks */ = {isa = PBXBuildFile; productRef = FB3D12C62AD473C9001CE4A9 /* ProgressHUD */; };
		FB3D12C92AD84D59001CE4A9 /* UIBlockingProgressHUD.swift in Sources */ = {isa = PBXBuildFile; fileRef = FB3D12C82AD84D59001CE4A9 /* UIBlockingProgressHUD.swift */; };
		FB3D12CB2AD85EBE001CE4A9 /* ProfileService.swift in Sources */ = {isa = PBXBuildFile; fileRef = FB3D12CA2AD85EBE001CE4A9 /* ProfileService.swift */; };
		FB3D12CD2AD85EF5001CE4A9 /* ProfileResult.swift in Sources */ = {isa = PBXBuildFile; fileRef = FB3D12CC2AD85EF5001CE4A9 /* ProfileResult.swift */; };
		FB3D12CF2AD8600A001CE4A9 /* Profile.swift in Sources */ = {isa = PBXBuildFile; fileRef = FB3D12CE2AD8600A001CE4A9 /* Profile.swift */; };
		FB3D12D12ADAA0B4001CE4A9 /* URLRequests.swift in Sources */ = {isa = PBXBuildFile; fileRef = FB3D12D02ADAA0B4001CE4A9 /* URLRequests.swift */; };
		FB3D12D32ADC2CD3001CE4A9 /* ProfileImageService.swift in Sources */ = {isa = PBXBuildFile; fileRef = FB3D12D22ADC2CD3001CE4A9 /* ProfileImageService.swift */; };
		FB3D12D52ADC393A001CE4A9 /* UserResult.swift in Sources */ = {isa = PBXBuildFile; fileRef = FB3D12D42ADC393A001CE4A9 /* UserResult.swift */; };
		FB57C0CB2ACF1E1900981E66 /* OAuth2Service.swift in Sources */ = {isa = PBXBuildFile; fileRef = FB57C0CA2ACF1E1900981E66 /* OAuth2Service.swift */; };
		FB57C0CD2ACF1EC900981E66 /* OAuthTokenResponseBody.swift in Sources */ = {isa = PBXBuildFile; fileRef = FB57C0CC2ACF1EC900981E66 /* OAuthTokenResponseBody.swift */; };
		FB57C0D02ACF405F00981E66 /* NetworkError.swift in Sources */ = {isa = PBXBuildFile; fileRef = FB57C0CF2ACF405F00981E66 /* NetworkError.swift */; };
		FB57C0D22ACF408B00981E66 /* URLSessionExtensions.swift in Sources */ = {isa = PBXBuildFile; fileRef = FB57C0D12ACF408B00981E66 /* URLSessionExtensions.swift */; };
		FB57C0D42AD09C8A00981E66 /* OAuth2TokenStorage.swift in Sources */ = {isa = PBXBuildFile; fileRef = FB57C0D32AD09C8A00981E66 /* OAuth2TokenStorage.swift */; };
		FB57C0D62AD1556E00981E66 /* SplashViewController.swift in Sources */ = {isa = PBXBuildFile; fileRef = FB57C0D52AD1556E00981E66 /* SplashViewController.swift */; };
		FB90CECC2AA64D4E0065A1A4 /* ImagesListCell.swift in Sources */ = {isa = PBXBuildFile; fileRef = FB90CECB2AA64D4E0065A1A4 /* ImagesListCell.swift */; };
		FB9BEAF82AB4B323005DE297 /* SingleImageViewController.swift in Sources */ = {isa = PBXBuildFile; fileRef = FB9BEAF72AB4B323005DE297 /* SingleImageViewController.swift */; };
		FB9C82CD2AF95E3F00482EAC /* ImagesListService.swift in Sources */ = {isa = PBXBuildFile; fileRef = FB9C82CC2AF95E3F00482EAC /* ImagesListService.swift */; };
		FB9C82CF2AF95ED000482EAC /* Photo.swift in Sources */ = {isa = PBXBuildFile; fileRef = FB9C82CE2AF95ED000482EAC /* Photo.swift */; };
		FB9C82D12AFAB46700482EAC /* DateFormatters.swift in Sources */ = {isa = PBXBuildFile; fileRef = FB9C82D02AFAB46700482EAC /* DateFormatters.swift */; };
		FB9C82D32AFABB0200482EAC /* UrlsResult.swift in Sources */ = {isa = PBXBuildFile; fileRef = FB9C82D22AFABB0200482EAC /* UrlsResult.swift */; };
		FBD29F0F2B0A675400428098 /* WebViewPresenter.swift in Sources */ = {isa = PBXBuildFile; fileRef = FBD29F0E2B0A675400428098 /* WebViewPresenter.swift */; };
		FBD29F132B0BDCAD00428098 /* AuthHelper.swift in Sources */ = {isa = PBXBuildFile; fileRef = FBD29F122B0BDCAD00428098 /* AuthHelper.swift */; };
		FBD29F162B0BDE7000428098 /* AuthConfiguration.swift in Sources */ = {isa = PBXBuildFile; fileRef = FBD29F152B0BDE7000428098 /* AuthConfiguration.swift */; };
		FBD29F1E2B0BE9B600428098 /* ImageFeedTests_WebView.swift in Sources */ = {isa = PBXBuildFile; fileRef = FBD29F1D2B0BE9B600428098 /* ImageFeedTests_WebView.swift */; };
		FBD29F262B0BEB7700428098 /* WebViewPresenterSpy.swift in Sources */ = {isa = PBXBuildFile; fileRef = FBD29F252B0BEB7700428098 /* WebViewPresenterSpy.swift */; };
		FBD29F282B0BEE9100428098 /* WebViewViewControllerSpy.swift in Sources */ = {isa = PBXBuildFile; fileRef = FBD29F272B0BEE9100428098 /* WebViewViewControllerSpy.swift */; };
		FBD29F2A2B0BFA9F00428098 /* ProfilePresenter.swift in Sources */ = {isa = PBXBuildFile; fileRef = FBD29F292B0BFA9F00428098 /* ProfilePresenter.swift */; };
		FBD29F2C2B0D253D00428098 /* ImagesListPresenter.swift in Sources */ = {isa = PBXBuildFile; fileRef = FBD29F2B2B0D253D00428098 /* ImagesListPresenter.swift */; };
		FBD29F2E2B0D53AD00428098 /* ImageFeedTests_ImagesList.swift in Sources */ = {isa = PBXBuildFile; fileRef = FBD29F2D2B0D53AD00428098 /* ImageFeedTests_ImagesList.swift */; };
		FBD29F3A2B0E617B00428098 /* ImageFeedUITests.swift in Sources */ = {isa = PBXBuildFile; fileRef = FBD29F392B0E617B00428098 /* ImageFeedUITests.swift */; };
		FBD29F3C2B0E617B00428098 /* ImageFeedUITestsLaunchTests.swift in Sources */ = {isa = PBXBuildFile; fileRef = FBD29F3B2B0E617B00428098 /* ImageFeedUITestsLaunchTests.swift */; };
		FBD29F432B0E62B800428098 /* AccessibilityIdentifiers.swift in Sources */ = {isa = PBXBuildFile; fileRef = FBD29F422B0E62B800428098 /* AccessibilityIdentifiers.swift */; };
		FBE3B49E2A993D080035F46C /* AppDelegate.swift in Sources */ = {isa = PBXBuildFile; fileRef = FBE3B49D2A993D080035F46C /* AppDelegate.swift */; };
		FBE3B4A02A993D080035F46C /* SceneDelegate.swift in Sources */ = {isa = PBXBuildFile; fileRef = FBE3B49F2A993D080035F46C /* SceneDelegate.swift */; };
		FBE3B4A22A993D080035F46C /* ImagesListViewController.swift in Sources */ = {isa = PBXBuildFile; fileRef = FBE3B4A12A993D080035F46C /* ImagesListViewController.swift */; };
		FBE3B4A52A993D080035F46C /* Main.storyboard in Resources */ = {isa = PBXBuildFile; fileRef = FBE3B4A32A993D080035F46C /* Main.storyboard */; };
		FBE3B4A72A993D090035F46C /* Assets.xcassets in Resources */ = {isa = PBXBuildFile; fileRef = FBE3B4A62A993D090035F46C /* Assets.xcassets */; };
		FBE3B4AA2A993D090035F46C /* LaunchScreen.storyboard in Resources */ = {isa = PBXBuildFile; fileRef = FBE3B4A82A993D090035F46C /* LaunchScreen.storyboard */; };
/* End PBXBuildFile section */

/* Begin PBXContainerItemProxy section */
		FBD29F1F2B0BE9B600428098 /* PBXContainerItemProxy */ = {
			isa = PBXContainerItemProxy;
			containerPortal = FBE3B4922A993D080035F46C /* Project object */;
			proxyType = 1;
			remoteGlobalIDString = FBE3B4992A993D080035F46C;
			remoteInfo = ImageFeed;
		};
		FBD29F3D2B0E617B00428098 /* PBXContainerItemProxy */ = {
			isa = PBXContainerItemProxy;
			containerPortal = FBE3B4922A993D080035F46C /* Project object */;
			proxyType = 1;
			remoteGlobalIDString = FBE3B4992A993D080035F46C;
			remoteInfo = ImageFeed;
		};
/* End PBXContainerItemProxy section */

/* Begin PBXFileReference section */
		FB1069A82B0FD19100A5933E /* AlertPresenterSpy.swift */ = {isa = PBXFileReference; lastKnownFileType = sourcecode.swift; path = AlertPresenterSpy.swift; sourceTree = "<group>"; };
		FB1069AA2B0FD47D00A5933E /* ImageFeedTests_ProfileViewController.swift */ = {isa = PBXFileReference; lastKnownFileType = sourcecode.swift; path = ImageFeedTests_ProfileViewController.swift; sourceTree = "<group>"; };
		FB1069AC2B0FDB6400A5933E /* ImageListServiceSpy.swift */ = {isa = PBXFileReference; lastKnownFileType = sourcecode.swift; path = ImageListServiceSpy.swift; sourceTree = "<group>"; };
		FB1069AE2B0FE7AC00A5933E /* OAuth2TokenStorageSpy.swift */ = {isa = PBXFileReference; lastKnownFileType = sourcecode.swift; path = OAuth2TokenStorageSpy.swift; sourceTree = "<group>"; };
		FB10753B2B01279100953CA1 /* AbbreviatedPhoto.swift */ = {isa = PBXFileReference; lastKnownFileType = sourcecode.swift; path = AbbreviatedPhoto.swift; sourceTree = "<group>"; };
		FB10753D2B03F21500953CA1 /* AlertPresenter.swift */ = {isa = PBXFileReference; lastKnownFileType = sourcecode.swift; path = AlertPresenter.swift; sourceTree = "<group>"; };
		FB1DF43E2AEAE9E900D92905 /* TabBarController.swift */ = {isa = PBXFileReference; lastKnownFileType = sourcecode.swift; path = TabBarController.swift; sourceTree = "<group>"; };
		FB2CFD5E2AC5D3F1009E83E0 /* Constants.swift */ = {isa = PBXFileReference; lastKnownFileType = sourcecode.swift; path = Constants.swift; sourceTree = "<group>"; };
		FB2CFD602AC80828009E83E0 /* AuthViewController.swift */ = {isa = PBXFileReference; lastKnownFileType = sourcecode.swift; path = AuthViewController.swift; sourceTree = "<group>"; };
		FB34595D2AAF8CF90002B8F5 /* ProfileViewController.swift */ = {isa = PBXFileReference; lastKnownFileType = sourcecode.swift; path = ProfileViewController.swift; sourceTree = "<group>"; };
		FB3948A32B07F38200BDD317 /* TopMostVC.swift */ = {isa = PBXFileReference; lastKnownFileType = sourcecode.swift; path = TopMostVC.swift; sourceTree = "<group>"; };
		FB3948A52B09253700BDD317 /* PhotoResult.swift */ = {isa = PBXFileReference; lastKnownFileType = sourcecode.swift; path = PhotoResult.swift; sourceTree = "<group>"; };
		FB3A97FA2AC8596F00973175 /* WebViewViewController.swift */ = {isa = PBXFileReference; lastKnownFileType = sourcecode.swift; path = WebViewViewController.swift; sourceTree = "<group>"; };
		FB3D12C82AD84D59001CE4A9 /* UIBlockingProgressHUD.swift */ = {isa = PBXFileReference; lastKnownFileType = sourcecode.swift; path = UIBlockingProgressHUD.swift; sourceTree = "<group>"; };
		FB3D12CA2AD85EBE001CE4A9 /* ProfileService.swift */ = {isa = PBXFileReference; lastKnownFileType = sourcecode.swift; path = ProfileService.swift; sourceTree = "<group>"; };
		FB3D12CC2AD85EF5001CE4A9 /* ProfileResult.swift */ = {isa = PBXFileReference; lastKnownFileType = sourcecode.swift; path = ProfileResult.swift; sourceTree = "<group>"; };
		FB3D12CE2AD8600A001CE4A9 /* Profile.swift */ = {isa = PBXFileReference; lastKnownFileType = sourcecode.swift; path = Profile.swift; sourceTree = "<group>"; };
		FB3D12D02ADAA0B4001CE4A9 /* URLRequests.swift */ = {isa = PBXFileReference; lastKnownFileType = sourcecode.swift; path = URLRequests.swift; sourceTree = "<group>"; };
		FB3D12D22ADC2CD3001CE4A9 /* ProfileImageService.swift */ = {isa = PBXFileReference; lastKnownFileType = sourcecode.swift; path = ProfileImageService.swift; sourceTree = "<group>"; };
		FB3D12D42ADC393A001CE4A9 /* UserResult.swift */ = {isa = PBXFileReference; lastKnownFileType = sourcecode.swift; path = UserResult.swift; sourceTree = "<group>"; };
		FB57C0CA2ACF1E1900981E66 /* OAuth2Service.swift */ = {isa = PBXFileReference; lastKnownFileType = sourcecode.swift; path = OAuth2Service.swift; sourceTree = "<group>"; };
		FB57C0CC2ACF1EC900981E66 /* OAuthTokenResponseBody.swift */ = {isa = PBXFileReference; lastKnownFileType = sourcecode.swift; path = OAuthTokenResponseBody.swift; sourceTree = "<group>"; };
		FB57C0CF2ACF405F00981E66 /* NetworkError.swift */ = {isa = PBXFileReference; lastKnownFileType = sourcecode.swift; path = NetworkError.swift; sourceTree = "<group>"; };
		FB57C0D12ACF408B00981E66 /* URLSessionExtensions.swift */ = {isa = PBXFileReference; lastKnownFileType = sourcecode.swift; path = URLSessionExtensions.swift; sourceTree = "<group>"; };
		FB57C0D32AD09C8A00981E66 /* OAuth2TokenStorage.swift */ = {isa = PBXFileReference; lastKnownFileType = sourcecode.swift; path = OAuth2TokenStorage.swift; sourceTree = "<group>"; };
		FB57C0D52AD1556E00981E66 /* SplashViewController.swift */ = {isa = PBXFileReference; lastKnownFileType = sourcecode.swift; path = SplashViewController.swift; sourceTree = "<group>"; };
		FB90CECB2AA64D4E0065A1A4 /* ImagesListCell.swift */ = {isa = PBXFileReference; lastKnownFileType = sourcecode.swift; path = ImagesListCell.swift; sourceTree = "<group>"; };
		FB9BEAF72AB4B323005DE297 /* SingleImageViewController.swift */ = {isa = PBXFileReference; lastKnownFileType = sourcecode.swift; path = SingleImageViewController.swift; sourceTree = "<group>"; };
		FB9C82CC2AF95E3F00482EAC /* ImagesListService.swift */ = {isa = PBXFileReference; lastKnownFileType = sourcecode.swift; path = ImagesListService.swift; sourceTree = "<group>"; };
		FB9C82CE2AF95ED000482EAC /* Photo.swift */ = {isa = PBXFileReference; lastKnownFileType = sourcecode.swift; path = Photo.swift; sourceTree = "<group>"; };
		FB9C82D02AFAB46700482EAC /* DateFormatters.swift */ = {isa = PBXFileReference; lastKnownFileType = sourcecode.swift; path = DateFormatters.swift; sourceTree = "<group>"; };
		FB9C82D22AFABB0200482EAC /* UrlsResult.swift */ = {isa = PBXFileReference; lastKnownFileType = sourcecode.swift; path = UrlsResult.swift; sourceTree = "<group>"; };
		FBD29F0E2B0A675400428098 /* WebViewPresenter.swift */ = {isa = PBXFileReference; lastKnownFileType = sourcecode.swift; path = WebViewPresenter.swift; sourceTree = "<group>"; };
		FBD29F122B0BDCAD00428098 /* AuthHelper.swift */ = {isa = PBXFileReference; lastKnownFileType = sourcecode.swift; path = AuthHelper.swift; sourceTree = "<group>"; };
		FBD29F152B0BDE7000428098 /* AuthConfiguration.swift */ = {isa = PBXFileReference; lastKnownFileType = sourcecode.swift; path = AuthConfiguration.swift; sourceTree = "<group>"; };
		FBD29F1B2B0BE9B600428098 /* ImageFeedTests.xctest */ = {isa = PBXFileReference; explicitFileType = wrapper.cfbundle; includeInIndex = 0; path = ImageFeedTests.xctest; sourceTree = BUILT_PRODUCTS_DIR; };
		FBD29F1D2B0BE9B600428098 /* ImageFeedTests_WebView.swift */ = {isa = PBXFileReference; lastKnownFileType = sourcecode.swift; path = ImageFeedTests_WebView.swift; sourceTree = "<group>"; };
		FBD29F252B0BEB7700428098 /* WebViewPresenterSpy.swift */ = {isa = PBXFileReference; lastKnownFileType = sourcecode.swift; path = WebViewPresenterSpy.swift; sourceTree = "<group>"; };
		FBD29F272B0BEE9100428098 /* WebViewViewControllerSpy.swift */ = {isa = PBXFileReference; lastKnownFileType = sourcecode.swift; path = WebViewViewControllerSpy.swift; sourceTree = "<group>"; };
		FBD29F292B0BFA9F00428098 /* ProfilePresenter.swift */ = {isa = PBXFileReference; lastKnownFileType = sourcecode.swift; path = ProfilePresenter.swift; sourceTree = "<group>"; };
		FBD29F2B2B0D253D00428098 /* ImagesListPresenter.swift */ = {isa = PBXFileReference; lastKnownFileType = sourcecode.swift; path = ImagesListPresenter.swift; sourceTree = "<group>"; };
		FBD29F2D2B0D53AD00428098 /* ImageFeedTests_ImagesList.swift */ = {isa = PBXFileReference; lastKnownFileType = sourcecode.swift; path = ImageFeedTests_ImagesList.swift; sourceTree = "<group>"; };
		FBD29F372B0E617B00428098 /* ImageFeedUITests.xctest */ = {isa = PBXFileReference; explicitFileType = wrapper.cfbundle; includeInIndex = 0; path = ImageFeedUITests.xctest; sourceTree = BUILT_PRODUCTS_DIR; };
		FBD29F392B0E617B00428098 /* ImageFeedUITests.swift */ = {isa = PBXFileReference; lastKnownFileType = sourcecode.swift; path = ImageFeedUITests.swift; sourceTree = "<group>"; };
		FBD29F3B2B0E617B00428098 /* ImageFeedUITestsLaunchTests.swift */ = {isa = PBXFileReference; lastKnownFileType = sourcecode.swift; path = ImageFeedUITestsLaunchTests.swift; sourceTree = "<group>"; };
		FBD29F422B0E62B800428098 /* AccessibilityIdentifiers.swift */ = {isa = PBXFileReference; lastKnownFileType = sourcecode.swift; path = AccessibilityIdentifiers.swift; sourceTree = "<group>"; };
		FBE3B49A2A993D080035F46C /* ImageFeed.app */ = {isa = PBXFileReference; explicitFileType = wrapper.application; includeInIndex = 0; path = ImageFeed.app; sourceTree = BUILT_PRODUCTS_DIR; };
		FBE3B49D2A993D080035F46C /* AppDelegate.swift */ = {isa = PBXFileReference; lastKnownFileType = sourcecode.swift; path = AppDelegate.swift; sourceTree = "<group>"; };
		FBE3B49F2A993D080035F46C /* SceneDelegate.swift */ = {isa = PBXFileReference; lastKnownFileType = sourcecode.swift; path = SceneDelegate.swift; sourceTree = "<group>"; };
		FBE3B4A12A993D080035F46C /* ImagesListViewController.swift */ = {isa = PBXFileReference; lastKnownFileType = sourcecode.swift; path = ImagesListViewController.swift; sourceTree = "<group>"; };
		FBE3B4A42A993D080035F46C /* Base */ = {isa = PBXFileReference; lastKnownFileType = file.storyboard; name = Base; path = Base.lproj/Main.storyboard; sourceTree = "<group>"; };
		FBE3B4A62A993D090035F46C /* Assets.xcassets */ = {isa = PBXFileReference; lastKnownFileType = folder.assetcatalog; path = Assets.xcassets; sourceTree = "<group>"; };
		FBE3B4A92A993D090035F46C /* Base */ = {isa = PBXFileReference; lastKnownFileType = file.storyboard; name = Base; path = Base.lproj/LaunchScreen.storyboard; sourceTree = "<group>"; };
		FBE3B4AB2A993D090035F46C /* Info.plist */ = {isa = PBXFileReference; lastKnownFileType = text.plist.xml; path = Info.plist; sourceTree = "<group>"; };
/* End PBXFileReference section */

/* Begin PBXFrameworksBuildPhase section */
		FBD29F182B0BE9B600428098 /* Frameworks */ = {
			isa = PBXFrameworksBuildPhase;
			buildActionMask = 2147483647;
			files = (
			);
			runOnlyForDeploymentPostprocessing = 0;
		};
		FBD29F342B0E617B00428098 /* Frameworks */ = {
			isa = PBXFrameworksBuildPhase;
			buildActionMask = 2147483647;
			files = (
			);
			runOnlyForDeploymentPostprocessing = 0;
		};
		FBE3B4972A993D080035F46C /* Frameworks */ = {
			isa = PBXFrameworksBuildPhase;
			buildActionMask = 2147483647;
			files = (
				FB1DF4392AE9940600D92905 /* Kingfisher in Frameworks */,
				FB3D12C72AD473C9001CE4A9 /* ProgressHUD in Frameworks */,
				FB1DF43C2AE9A65F00D92905 /* SwiftKeychainWrapper in Frameworks */,
			);
			runOnlyForDeploymentPostprocessing = 0;
		};
/* End PBXFrameworksBuildPhase section */

/* Begin PBXGroup section */
		FB1DF43D2AEAE98100D92905 /* Helpers */ = {
			isa = PBXGroup;
			children = (
				FB10753D2B03F21500953CA1 /* AlertPresenter.swift */,
				FBD29F122B0BDCAD00428098 /* AuthHelper.swift */,
				FB9C82D02AFAB46700482EAC /* DateFormatters.swift */,
				FB3D12C82AD84D59001CE4A9 /* UIBlockingProgressHUD.swift */,
			);
			path = Helpers;
			sourceTree = "<group>";
		};
		FB1DF4402AED33D800D92905 /* Controllers */ = {
			isa = PBXGroup;
			children = (
				FB1DF43E2AEAE9E900D92905 /* TabBarController.swift */,
				FB3948A32B07F38200BDD317 /* TopMostVC.swift */,
			);
			path = Controllers;
			sourceTree = "<group>";
		};
		FB2CFD622AC838F5009E83E0 /* Auth */ = {
			isa = PBXGroup;
			children = (
				FB2CFD602AC80828009E83E0 /* AuthViewController.swift */,
				FB57C0CA2ACF1E1900981E66 /* OAuth2Service.swift */,
				FB57C0D32AD09C8A00981E66 /* OAuth2TokenStorage.swift */,
				FB57C0CC2ACF1EC900981E66 /* OAuthTokenResponseBody.swift */,
				FB3A97FA2AC8596F00973175 /* WebViewViewController.swift */,
				FBD29F0E2B0A675400428098 /* WebViewPresenter.swift */,
			);
			path = Auth;
			sourceTree = "<group>";
		};
		FB3459612AAF94E80002B8F5 /* Profile */ = {
			isa = PBXGroup;
			children = (
				FB3D12CE2AD8600A001CE4A9 /* Profile.swift */,
				FB3D12D22ADC2CD3001CE4A9 /* ProfileImageService.swift */,
				FB3D12CC2AD85EF5001CE4A9 /* ProfileResult.swift */,
				FB3D12CA2AD85EBE001CE4A9 /* ProfileService.swift */,
				FB34595D2AAF8CF90002B8F5 /* ProfileViewController.swift */,
				FBD29F292B0BFA9F00428098 /* ProfilePresenter.swift */,
				FB3D12D42ADC393A001CE4A9 /* UserResult.swift */,
			);
			path = Profile;
			sourceTree = "<group>";
		};
		FB57C0CE2ACF403D00981E66 /* Networking */ = {
			isa = PBXGroup;
			children = (
				FB57C0CF2ACF405F00981E66 /* NetworkError.swift */,
				FB3D12D02ADAA0B4001CE4A9 /* URLRequests.swift */,
				FB57C0D12ACF408B00981E66 /* URLSessionExtensions.swift */,
			);
			path = Networking;
			sourceTree = "<group>";
		};
		FB57C0D72AD1BE0700981E66 /* SplashScreen */ = {
			isa = PBXGroup;
			children = (
				FB57C0D52AD1556E00981E66 /* SplashViewController.swift */,
			);
			path = SplashScreen;
			sourceTree = "<group>";
		};
		FB90CECD2AA64DB10065A1A4 /* ImagesList */ = {
			isa = PBXGroup;
			children = (
				FB10753B2B01279100953CA1 /* AbbreviatedPhoto.swift */,
				FB90CECB2AA64D4E0065A1A4 /* ImagesListCell.swift */,
				FB9C82CC2AF95E3F00482EAC /* ImagesListService.swift */,
				FBE3B4A12A993D080035F46C /* ImagesListViewController.swift */,
				FB9C82CE2AF95ED000482EAC /* Photo.swift */,
				FB3948A52B09253700BDD317 /* PhotoResult.swift */,
				FB9BEAF72AB4B323005DE297 /* SingleImageViewController.swift */,
				FB9C82D22AFABB0200482EAC /* UrlsResult.swift */,
				FBD29F2B2B0D253D00428098 /* ImagesListPresenter.swift */,
			);
			path = ImagesList;
			sourceTree = "<group>";
		};
		FBD29F142B0BDE2600428098 /* Constants */ = {
			isa = PBXGroup;
			children = (
				FB2CFD5E2AC5D3F1009E83E0 /* Constants.swift */,
				FBD29F152B0BDE7000428098 /* AuthConfiguration.swift */,
				FBD29F422B0E62B800428098 /* AccessibilityIdentifiers.swift */,
			);
			path = Constants;
			sourceTree = "<group>";
		};
		FBD29F1C2B0BE9B600428098 /* ImageFeedTests */ = {
			isa = PBXGroup;
			children = (
				FBD29F1D2B0BE9B600428098 /* ImageFeedTests_WebView.swift */,
				FBD29F252B0BEB7700428098 /* WebViewPresenterSpy.swift */,
				FBD29F272B0BEE9100428098 /* WebViewViewControllerSpy.swift */,
				FBD29F2D2B0D53AD00428098 /* ImageFeedTests_ImagesList.swift */,
				FB1069A82B0FD19100A5933E /* AlertPresenterSpy.swift */,
				FB1069AA2B0FD47D00A5933E /* ImageFeedTests_ProfileViewController.swift */,
				FB1069AC2B0FDB6400A5933E /* ImageListServiceSpy.swift */,
				FB1069AE2B0FE7AC00A5933E /* OAuth2TokenStorageSpy.swift */,
			);
			path = ImageFeedTests;
			sourceTree = "<group>";
		};
		FBD29F382B0E617B00428098 /* ImageFeedUITests */ = {
			isa = PBXGroup;
			children = (
				FBD29F392B0E617B00428098 /* ImageFeedUITests.swift */,
				FBD29F3B2B0E617B00428098 /* ImageFeedUITestsLaunchTests.swift */,
			);
			path = ImageFeedUITests;
			sourceTree = "<group>";
		};
		FBE3B4912A993D080035F46C = {
			isa = PBXGroup;
			children = (
				FBE3B49C2A993D080035F46C /* ImageFeed */,
				FBD29F1C2B0BE9B600428098 /* ImageFeedTests */,
				FBD29F382B0E617B00428098 /* ImageFeedUITests */,
				FBE3B49B2A993D080035F46C /* Products */,
			);
			sourceTree = "<group>";
		};
		FBE3B49B2A993D080035F46C /* Products */ = {
			isa = PBXGroup;
			children = (
				FBE3B49A2A993D080035F46C /* ImageFeed.app */,
				FBD29F1B2B0BE9B600428098 /* ImageFeedTests.xctest */,
				FBD29F372B0E617B00428098 /* ImageFeedUITests.xctest */,
			);
			name = Products;
			sourceTree = "<group>";
		};
		FBE3B49C2A993D080035F46C /* ImageFeed */ = {
			isa = PBXGroup;
			children = (
				FBE3B49D2A993D080035F46C /* AppDelegate.swift */,
				FBE3B49F2A993D080035F46C /* SceneDelegate.swift */,
				FB2CFD622AC838F5009E83E0 /* Auth */,
				FBD29F142B0BDE2600428098 /* Constants */,
				FB1DF4402AED33D800D92905 /* Controllers */,
				FB1DF43D2AEAE98100D92905 /* Helpers */,
				FB90CECD2AA64DB10065A1A4 /* ImagesList */,
				FB57C0CE2ACF403D00981E66 /* Networking */,
				FB3459612AAF94E80002B8F5 /* Profile */,
				FB57C0D72AD1BE0700981E66 /* SplashScreen */,
				FBE3B4A62A993D090035F46C /* Assets.xcassets */,
				FBE3B4AB2A993D090035F46C /* Info.plist */,
				FBE3B4A82A993D090035F46C /* LaunchScreen.storyboard */,
				FBE3B4A32A993D080035F46C /* Main.storyboard */,
			);
			path = ImageFeed;
			sourceTree = "<group>";
		};
/* End PBXGroup section */

/* Begin PBXNativeTarget section */
		FBD29F1A2B0BE9B600428098 /* ImageFeedTests */ = {
			isa = PBXNativeTarget;
			buildConfigurationList = FBD29F212B0BE9B600428098 /* Build configuration list for PBXNativeTarget "ImageFeedTests" */;
			buildPhases = (
				FBD29F172B0BE9B600428098 /* Sources */,
				FBD29F182B0BE9B600428098 /* Frameworks */,
				FBD29F192B0BE9B600428098 /* Resources */,
			);
			buildRules = (
			);
			dependencies = (
				FBD29F202B0BE9B600428098 /* PBXTargetDependency */,
			);
			name = ImageFeedTests;
			productName = ImageFeedTests;
			productReference = FBD29F1B2B0BE9B600428098 /* ImageFeedTests.xctest */;
			productType = "com.apple.product-type.bundle.unit-test";
		};
		FBD29F362B0E617B00428098 /* ImageFeedUITests */ = {
			isa = PBXNativeTarget;
			buildConfigurationList = FBD29F412B0E617C00428098 /* Build configuration list for PBXNativeTarget "ImageFeedUITests" */;
			buildPhases = (
				FBD29F332B0E617B00428098 /* Sources */,
				FBD29F342B0E617B00428098 /* Frameworks */,
				FBD29F352B0E617B00428098 /* Resources */,
			);
			buildRules = (
			);
			dependencies = (
				FBD29F3E2B0E617B00428098 /* PBXTargetDependency */,
			);
			name = ImageFeedUITests;
			productName = ImageFeedUITests;
			productReference = FBD29F372B0E617B00428098 /* ImageFeedUITests.xctest */;
			productType = "com.apple.product-type.bundle.ui-testing";
		};
		FBE3B4992A993D080035F46C /* ImageFeed */ = {
			isa = PBXNativeTarget;
			buildConfigurationList = FBE3B4AE2A993D090035F46C /* Build configuration list for PBXNativeTarget "ImageFeed" */;
			buildPhases = (
				FBE3B4962A993D080035F46C /* Sources */,
				FBE3B4972A993D080035F46C /* Frameworks */,
				FBE3B4982A993D080035F46C /* Resources */,
			);
			buildRules = (
			);
			dependencies = (
			);
			name = ImageFeed;
			packageProductDependencies = (
				FB3D12C62AD473C9001CE4A9 /* ProgressHUD */,
				FB1DF4382AE9940600D92905 /* Kingfisher */,
				FB1DF43B2AE9A65F00D92905 /* SwiftKeychainWrapper */,
			);
			productName = ImageFeed;
			productReference = FBE3B49A2A993D080035F46C /* ImageFeed.app */;
			productType = "com.apple.product-type.application";
		};
/* End PBXNativeTarget section */

/* Begin PBXProject section */
		FBE3B4922A993D080035F46C /* Project object */ = {
			isa = PBXProject;
			attributes = {
				BuildIndependentTargetsInParallel = 1;
				LastSwiftUpdateCheck = 1500;
				LastUpgradeCheck = 1500;
				TargetAttributes = {
					FBD29F1A2B0BE9B600428098 = {
						CreatedOnToolsVersion = 15.0.1;
						TestTargetID = FBE3B4992A993D080035F46C;
					};
					FBD29F362B0E617B00428098 = {
						CreatedOnToolsVersion = 15.0.1;
						TestTargetID = FBE3B4992A993D080035F46C;
					};
					FBE3B4992A993D080035F46C = {
						CreatedOnToolsVersion = 14.3.1;
					};
				};
			};
			buildConfigurationList = FBE3B4952A993D080035F46C /* Build configuration list for PBXProject "ImageFeed" */;
			compatibilityVersion = "Xcode 14.0";
			developmentRegion = en;
			hasScannedForEncodings = 0;
			knownRegions = (
				en,
				Base,
			);
			mainGroup = FBE3B4912A993D080035F46C;
			packageReferences = (
				FB3D12C52AD473C9001CE4A9 /* XCRemoteSwiftPackageReference "ProgressHUD" */,
				FB1DF4372AE9940600D92905 /* XCRemoteSwiftPackageReference "Kingfisher" */,
				FB1DF43A2AE9A65F00D92905 /* XCRemoteSwiftPackageReference "SwiftKeychainWrapper" */,
			);
			productRefGroup = FBE3B49B2A993D080035F46C /* Products */;
			projectDirPath = "";
			projectRoot = "";
			targets = (
				FBE3B4992A993D080035F46C /* ImageFeed */,
				FBD29F1A2B0BE9B600428098 /* ImageFeedTests */,
				FBD29F362B0E617B00428098 /* ImageFeedUITests */,
			);
		};
/* End PBXProject section */

/* Begin PBXResourcesBuildPhase section */
		FBD29F192B0BE9B600428098 /* Resources */ = {
			isa = PBXResourcesBuildPhase;
			buildActionMask = 2147483647;
			files = (
			);
			runOnlyForDeploymentPostprocessing = 0;
		};
		FBD29F352B0E617B00428098 /* Resources */ = {
			isa = PBXResourcesBuildPhase;
			buildActionMask = 2147483647;
			files = (
			);
			runOnlyForDeploymentPostprocessing = 0;
		};
		FBE3B4982A993D080035F46C /* Resources */ = {
			isa = PBXResourcesBuildPhase;
			buildActionMask = 2147483647;
			files = (
				FBE3B4AA2A993D090035F46C /* LaunchScreen.storyboard in Resources */,
				FBE3B4A72A993D090035F46C /* Assets.xcassets in Resources */,
				FBE3B4A52A993D080035F46C /* Main.storyboard in Resources */,
			);
			runOnlyForDeploymentPostprocessing = 0;
		};
/* End PBXResourcesBuildPhase section */

/* Begin PBXSourcesBuildPhase section */
		FBD29F172B0BE9B600428098 /* Sources */ = {
			isa = PBXSourcesBuildPhase;
			buildActionMask = 2147483647;
			files = (
				FB1069A92B0FD19100A5933E /* AlertPresenterSpy.swift in Sources */,
				FBD29F1E2B0BE9B600428098 /* ImageFeedTests_WebView.swift in Sources */,
				FB1069AB2B0FD47D00A5933E /* ImageFeedTests_ProfileViewController.swift in Sources */,
				FB1069AF2B0FE7AC00A5933E /* OAuth2TokenStorageSpy.swift in Sources */,
				FB1069AD2B0FDB6400A5933E /* ImageListServiceSpy.swift in Sources */,
				FBD29F2E2B0D53AD00428098 /* ImageFeedTests_ImagesList.swift in Sources */,
				FBD29F282B0BEE9100428098 /* WebViewViewControllerSpy.swift in Sources */,
				FBD29F262B0BEB7700428098 /* WebViewPresenterSpy.swift in Sources */,
			);
			runOnlyForDeploymentPostprocessing = 0;
		};
		FBD29F332B0E617B00428098 /* Sources */ = {
			isa = PBXSourcesBuildPhase;
			buildActionMask = 2147483647;
			files = (
				FBD29F3C2B0E617B00428098 /* ImageFeedUITestsLaunchTests.swift in Sources */,
				FBD29F3A2B0E617B00428098 /* ImageFeedUITests.swift in Sources */,
			);
			runOnlyForDeploymentPostprocessing = 0;
		};
		FBE3B4962A993D080035F46C /* Sources */ = {
			isa = PBXSourcesBuildPhase;
			buildActionMask = 2147483647;
			files = (
				FBE3B4A22A993D080035F46C /* ImagesListViewController.swift in Sources */,
				FBE3B49E2A993D080035F46C /* AppDelegate.swift in Sources */,
				FBD29F2C2B0D253D00428098 /* ImagesListPresenter.swift in Sources */,
				FB34595E2AAF8CF90002B8F5 /* ProfileViewController.swift in Sources */,
				FB3D12C92AD84D59001CE4A9 /* UIBlockingProgressHUD.swift in Sources */,
				FB57C0D22ACF408B00981E66 /* URLSessionExtensions.swift in Sources */,
				FB1DF43F2AEAE9E900D92905 /* TabBarController.swift in Sources */,
				FB90CECC2AA64D4E0065A1A4 /* ImagesListCell.swift in Sources */,
				FB57C0CD2ACF1EC900981E66 /* OAuthTokenResponseBody.swift in Sources */,
				FB3D12D12ADAA0B4001CE4A9 /* URLRequests.swift in Sources */,
				FB9C82D32AFABB0200482EAC /* UrlsResult.swift in Sources */,
				FB9C82CF2AF95ED000482EAC /* Photo.swift in Sources */,
				FB3948A42B07F38200BDD317 /* TopMostVC.swift in Sources */,
				FB3D12CB2AD85EBE001CE4A9 /* ProfileService.swift in Sources */,
				FB57C0D42AD09C8A00981E66 /* OAuth2TokenStorage.swift in Sources */,
				FBD29F132B0BDCAD00428098 /* AuthHelper.swift in Sources */,
				FB2CFD612AC80828009E83E0 /* AuthViewController.swift in Sources */,
				FB3948A62B09253700BDD317 /* PhotoResult.swift in Sources */,
				FBD29F162B0BDE7000428098 /* AuthConfiguration.swift in Sources */,
				FB10753E2B03F21500953CA1 /* AlertPresenter.swift in Sources */,
				FB3D12D52ADC393A001CE4A9 /* UserResult.swift in Sources */,
				FB2CFD5F2AC5D3F1009E83E0 /* Constants.swift in Sources */,
				FB57C0D62AD1556E00981E66 /* SplashViewController.swift in Sources */,
				FB9C82D12AFAB46700482EAC /* DateFormatters.swift in Sources */,
				FB9BEAF82AB4B323005DE297 /* SingleImageViewController.swift in Sources */,
				FB3A97FB2AC8596F00973175 /* WebViewViewController.swift in Sources */,
				FB10753C2B01279100953CA1 /* AbbreviatedPhoto.swift in Sources */,
				FB9C82CD2AF95E3F00482EAC /* ImagesListService.swift in Sources */,
				FB3D12D32ADC2CD3001CE4A9 /* ProfileImageService.swift in Sources */,
				FB57C0D02ACF405F00981E66 /* NetworkError.swift in Sources */,
				FB57C0CB2ACF1E1900981E66 /* OAuth2Service.swift in Sources */,
				FBD29F0F2B0A675400428098 /* WebViewPresenter.swift in Sources */,
				FBD29F2A2B0BFA9F00428098 /* ProfilePresenter.swift in Sources */,
				FB3D12CF2AD8600A001CE4A9 /* Profile.swift in Sources */,
				FBD29F432B0E62B800428098 /* AccessibilityIdentifiers.swift in Sources */,
				FB3D12CD2AD85EF5001CE4A9 /* ProfileResult.swift in Sources */,
				FBE3B4A02A993D080035F46C /* SceneDelegate.swift in Sources */,
			);
			runOnlyForDeploymentPostprocessing = 0;
		};
/* End PBXSourcesBuildPhase section */

/* Begin PBXTargetDependency section */
		FBD29F202B0BE9B600428098 /* PBXTargetDependency */ = {
			isa = PBXTargetDependency;
			target = FBE3B4992A993D080035F46C /* ImageFeed */;
			targetProxy = FBD29F1F2B0BE9B600428098 /* PBXContainerItemProxy */;
		};
		FBD29F3E2B0E617B00428098 /* PBXTargetDependency */ = {
			isa = PBXTargetDependency;
			target = FBE3B4992A993D080035F46C /* ImageFeed */;
			targetProxy = FBD29F3D2B0E617B00428098 /* PBXContainerItemProxy */;
		};
/* End PBXTargetDependency section */

/* Begin PBXVariantGroup section */
		FBE3B4A32A993D080035F46C /* Main.storyboard */ = {
			isa = PBXVariantGroup;
			children = (
				FBE3B4A42A993D080035F46C /* Base */,
			);
			name = Main.storyboard;
			sourceTree = "<group>";
		};
		FBE3B4A82A993D090035F46C /* LaunchScreen.storyboard */ = {
			isa = PBXVariantGroup;
			children = (
				FBE3B4A92A993D090035F46C /* Base */,
			);
			name = LaunchScreen.storyboard;
			sourceTree = "<group>";
		};
/* End PBXVariantGroup section */

/* Begin XCBuildConfiguration section */
		FBD29F222B0BE9B600428098 /* Debug */ = {
			isa = XCBuildConfiguration;
			buildSettings = {
				ASSETCATALOG_COMPILER_GENERATE_SWIFT_ASSET_SYMBOL_EXTENSIONS = YES;
				BUNDLE_LOADER = "$(TEST_HOST)";
				CODE_SIGN_STYLE = Automatic;
				CURRENT_PROJECT_VERSION = 1;
				GCC_C_LANGUAGE_STANDARD = gnu17;
				GENERATE_INFOPLIST_FILE = YES;
				IPHONEOS_DEPLOYMENT_TARGET = 17.0;
				LOCALIZATION_PREFERS_STRING_CATALOGS = YES;
				MARKETING_VERSION = 1.0;
				PRODUCT_BUNDLE_IDENTIFIER = "online.e-craft.ImageFeedTests";
				PRODUCT_NAME = "$(TARGET_NAME)";
				SWIFT_ACTIVE_COMPILATION_CONDITIONS = "DEBUG $(inherited)";
				SWIFT_EMIT_LOC_STRINGS = NO;
				SWIFT_VERSION = 5.0;
				TARGETED_DEVICE_FAMILY = "1,2";
				TEST_HOST = "$(BUILT_PRODUCTS_DIR)/ImageFeed.app/$(BUNDLE_EXECUTABLE_FOLDER_PATH)/ImageFeed";
			};
			name = Debug;
		};
		FBD29F232B0BE9B600428098 /* Release */ = {
			isa = XCBuildConfiguration;
			buildSettings = {
				ASSETCATALOG_COMPILER_GENERATE_SWIFT_ASSET_SYMBOL_EXTENSIONS = YES;
				BUNDLE_LOADER = "$(TEST_HOST)";
				CODE_SIGN_STYLE = Automatic;
				CURRENT_PROJECT_VERSION = 1;
				GCC_C_LANGUAGE_STANDARD = gnu17;
				GENERATE_INFOPLIST_FILE = YES;
				IPHONEOS_DEPLOYMENT_TARGET = 17.0;
				LOCALIZATION_PREFERS_STRING_CATALOGS = YES;
				MARKETING_VERSION = 1.0;
				PRODUCT_BUNDLE_IDENTIFIER = "online.e-craft.ImageFeedTests";
				PRODUCT_NAME = "$(TARGET_NAME)";
				SWIFT_EMIT_LOC_STRINGS = NO;
				SWIFT_VERSION = 5.0;
				TARGETED_DEVICE_FAMILY = "1,2";
				TEST_HOST = "$(BUILT_PRODUCTS_DIR)/ImageFeed.app/$(BUNDLE_EXECUTABLE_FOLDER_PATH)/ImageFeed";
			};
			name = Release;
		};
		FBD29F3F2B0E617C00428098 /* Debug */ = {
			isa = XCBuildConfiguration;
			buildSettings = {
				ASSETCATALOG_COMPILER_GENERATE_SWIFT_ASSET_SYMBOL_EXTENSIONS = YES;
				CODE_SIGN_STYLE = Automatic;
				CURRENT_PROJECT_VERSION = 1;
				GCC_C_LANGUAGE_STANDARD = gnu17;
				GENERATE_INFOPLIST_FILE = YES;
				IPHONEOS_DEPLOYMENT_TARGET = 17.0;
				LOCALIZATION_PREFERS_STRING_CATALOGS = YES;
				MARKETING_VERSION = 1.0;
				PRODUCT_BUNDLE_IDENTIFIER = "online.e-craft.ImageFeedUITests";
				PRODUCT_NAME = "$(TARGET_NAME)";
				SWIFT_ACTIVE_COMPILATION_CONDITIONS = "DEBUG $(inherited)";
				SWIFT_EMIT_LOC_STRINGS = NO;
				SWIFT_VERSION = 5.0;
				TARGETED_DEVICE_FAMILY = "1,2";
				TEST_TARGET_NAME = ImageFeed;
			};
			name = Debug;
		};
		FBD29F402B0E617C00428098 /* Release */ = {
			isa = XCBuildConfiguration;
			buildSettings = {
				ASSETCATALOG_COMPILER_GENERATE_SWIFT_ASSET_SYMBOL_EXTENSIONS = YES;
				CODE_SIGN_STYLE = Automatic;
				CURRENT_PROJECT_VERSION = 1;
				GCC_C_LANGUAGE_STANDARD = gnu17;
				GENERATE_INFOPLIST_FILE = YES;
				IPHONEOS_DEPLOYMENT_TARGET = 17.0;
				LOCALIZATION_PREFERS_STRING_CATALOGS = YES;
				MARKETING_VERSION = 1.0;
				PRODUCT_BUNDLE_IDENTIFIER = "online.e-craft.ImageFeedUITests";
				PRODUCT_NAME = "$(TARGET_NAME)";
				SWIFT_EMIT_LOC_STRINGS = NO;
				SWIFT_VERSION = 5.0;
				TARGETED_DEVICE_FAMILY = "1,2";
				TEST_TARGET_NAME = ImageFeed;
			};
			name = Release;
		};
		FBE3B4AC2A993D090035F46C /* Debug */ = {
			isa = XCBuildConfiguration;
			buildSettings = {
				ALWAYS_SEARCH_USER_PATHS = NO;
				CLANG_ANALYZER_NONNULL = YES;
				CLANG_ANALYZER_NUMBER_OBJECT_CONVERSION = YES_AGGRESSIVE;
				CLANG_CXX_LANGUAGE_STANDARD = "gnu++20";
				CLANG_ENABLE_MODULES = YES;
				CLANG_ENABLE_OBJC_ARC = YES;
				CLANG_ENABLE_OBJC_WEAK = YES;
				CLANG_WARN_BLOCK_CAPTURE_AUTORELEASING = YES;
				CLANG_WARN_BOOL_CONVERSION = YES;
				CLANG_WARN_COMMA = YES;
				CLANG_WARN_CONSTANT_CONVERSION = YES;
				CLANG_WARN_DEPRECATED_OBJC_IMPLEMENTATIONS = YES;
				CLANG_WARN_DIRECT_OBJC_ISA_USAGE = YES_ERROR;
				CLANG_WARN_DOCUMENTATION_COMMENTS = YES;
				CLANG_WARN_EMPTY_BODY = YES;
				CLANG_WARN_ENUM_CONVERSION = YES;
				CLANG_WARN_INFINITE_RECURSION = YES;
				CLANG_WARN_INT_CONVERSION = YES;
				CLANG_WARN_NON_LITERAL_NULL_CONVERSION = YES;
				CLANG_WARN_OBJC_IMPLICIT_RETAIN_SELF = YES;
				CLANG_WARN_OBJC_LITERAL_CONVERSION = YES;
				CLANG_WARN_OBJC_ROOT_CLASS = YES_ERROR;
				CLANG_WARN_QUOTED_INCLUDE_IN_FRAMEWORK_HEADER = YES;
				CLANG_WARN_RANGE_LOOP_ANALYSIS = YES;
				CLANG_WARN_STRICT_PROTOTYPES = YES;
				CLANG_WARN_SUSPICIOUS_MOVE = YES;
				CLANG_WARN_UNGUARDED_AVAILABILITY = YES_AGGRESSIVE;
				CLANG_WARN_UNREACHABLE_CODE = YES;
				CLANG_WARN__DUPLICATE_METHOD_MATCH = YES;
				COPY_PHASE_STRIP = NO;
				DEBUG_INFORMATION_FORMAT = dwarf;
				ENABLE_STRICT_OBJC_MSGSEND = YES;
				ENABLE_TESTABILITY = YES;
				ENABLE_USER_SCRIPT_SANDBOXING = YES;
				GCC_C_LANGUAGE_STANDARD = gnu11;
				GCC_DYNAMIC_NO_PIC = NO;
				GCC_NO_COMMON_BLOCKS = YES;
				GCC_OPTIMIZATION_LEVEL = 0;
				GCC_PREPROCESSOR_DEFINITIONS = (
					"DEBUG=1",
					"$(inherited)",
				);
				GCC_WARN_64_TO_32_BIT_CONVERSION = YES;
				GCC_WARN_ABOUT_RETURN_TYPE = YES_ERROR;
				GCC_WARN_UNDECLARED_SELECTOR = YES;
				GCC_WARN_UNINITIALIZED_AUTOS = YES_AGGRESSIVE;
				GCC_WARN_UNUSED_FUNCTION = YES;
				GCC_WARN_UNUSED_VARIABLE = YES;
				IPHONEOS_DEPLOYMENT_TARGET = 13.0;
				MTL_ENABLE_DEBUG_INFO = INCLUDE_SOURCE;
				MTL_FAST_MATH = YES;
				ONLY_ACTIVE_ARCH = YES;
				SDKROOT = iphoneos;
				SWIFT_ACTIVE_COMPILATION_CONDITIONS = DEBUG;
				SWIFT_OPTIMIZATION_LEVEL = "-Onone";
			};
			name = Debug;
		};
		FBE3B4AD2A993D090035F46C /* Release */ = {
			isa = XCBuildConfiguration;
			buildSettings = {
				ALWAYS_SEARCH_USER_PATHS = NO;
				CLANG_ANALYZER_NONNULL = YES;
				CLANG_ANALYZER_NUMBER_OBJECT_CONVERSION = YES_AGGRESSIVE;
				CLANG_CXX_LANGUAGE_STANDARD = "gnu++20";
				CLANG_ENABLE_MODULES = YES;
				CLANG_ENABLE_OBJC_ARC = YES;
				CLANG_ENABLE_OBJC_WEAK = YES;
				CLANG_WARN_BLOCK_CAPTURE_AUTORELEASING = YES;
				CLANG_WARN_BOOL_CONVERSION = YES;
				CLANG_WARN_COMMA = YES;
				CLANG_WARN_CONSTANT_CONVERSION = YES;
				CLANG_WARN_DEPRECATED_OBJC_IMPLEMENTATIONS = YES;
				CLANG_WARN_DIRECT_OBJC_ISA_USAGE = YES_ERROR;
				CLANG_WARN_DOCUMENTATION_COMMENTS = YES;
				CLANG_WARN_EMPTY_BODY = YES;
				CLANG_WARN_ENUM_CONVERSION = YES;
				CLANG_WARN_INFINITE_RECURSION = YES;
				CLANG_WARN_INT_CONVERSION = YES;
				CLANG_WARN_NON_LITERAL_NULL_CONVERSION = YES;
				CLANG_WARN_OBJC_IMPLICIT_RETAIN_SELF = YES;
				CLANG_WARN_OBJC_LITERAL_CONVERSION = YES;
				CLANG_WARN_OBJC_ROOT_CLASS = YES_ERROR;
				CLANG_WARN_QUOTED_INCLUDE_IN_FRAMEWORK_HEADER = YES;
				CLANG_WARN_RANGE_LOOP_ANALYSIS = YES;
				CLANG_WARN_STRICT_PROTOTYPES = YES;
				CLANG_WARN_SUSPICIOUS_MOVE = YES;
				CLANG_WARN_UNGUARDED_AVAILABILITY = YES_AGGRESSIVE;
				CLANG_WARN_UNREACHABLE_CODE = YES;
				CLANG_WARN__DUPLICATE_METHOD_MATCH = YES;
				COPY_PHASE_STRIP = NO;
				DEBUG_INFORMATION_FORMAT = "dwarf-with-dsym";
				ENABLE_NS_ASSERTIONS = NO;
				ENABLE_STRICT_OBJC_MSGSEND = YES;
				ENABLE_USER_SCRIPT_SANDBOXING = YES;
				GCC_C_LANGUAGE_STANDARD = gnu11;
				GCC_NO_COMMON_BLOCKS = YES;
				GCC_WARN_64_TO_32_BIT_CONVERSION = YES;
				GCC_WARN_ABOUT_RETURN_TYPE = YES_ERROR;
				GCC_WARN_UNDECLARED_SELECTOR = YES;
				GCC_WARN_UNINITIALIZED_AUTOS = YES_AGGRESSIVE;
				GCC_WARN_UNUSED_FUNCTION = YES;
				GCC_WARN_UNUSED_VARIABLE = YES;
				IPHONEOS_DEPLOYMENT_TARGET = 13.0;
				MTL_ENABLE_DEBUG_INFO = NO;
				MTL_FAST_MATH = YES;
				SDKROOT = iphoneos;
				SWIFT_COMPILATION_MODE = wholemodule;
				SWIFT_OPTIMIZATION_LEVEL = "-O";
				VALIDATE_PRODUCT = YES;
			};
			name = Release;
		};
		FBE3B4AF2A993D090035F46C /* Debug */ = {
			isa = XCBuildConfiguration;
			buildSettings = {
				ASSETCATALOG_COMPILER_APPICON_NAME = AppIcon;
				ASSETCATALOG_COMPILER_GLOBAL_ACCENT_COLOR_NAME = AccentColor;
				CODE_SIGN_STYLE = Automatic;
				CURRENT_PROJECT_VERSION = 1;
				DEVELOPMENT_TEAM = UYLQK75UFF;
				GENERATE_INFOPLIST_FILE = YES;
				INFOPLIST_FILE = ImageFeed/Info.plist;
				INFOPLIST_KEY_UIApplicationSupportsIndirectInputEvents = YES;
				INFOPLIST_KEY_UILaunchStoryboardName = LaunchScreen;
				INFOPLIST_KEY_UIMainStoryboardFile = "";
				INFOPLIST_KEY_UISupportedInterfaceOrientations = UIInterfaceOrientationPortrait;
				INFOPLIST_KEY_UISupportedInterfaceOrientations_iPad = "UIInterfaceOrientationLandscapeLeft UIInterfaceOrientationLandscapeRight UIInterfaceOrientationPortrait UIInterfaceOrientationPortraitUpsideDown";
				IPHONEOS_DEPLOYMENT_TARGET = 13.0;
				LD_RUNPATH_SEARCH_PATHS = (
					"$(inherited)",
					"@executable_path/Frameworks",
				);
				MARKETING_VERSION = 1.0;
				PRODUCT_BUNDLE_IDENTIFIER = "online.e-craft.ImageFeed";
				PRODUCT_NAME = "$(TARGET_NAME)";
				SUPPORTED_PLATFORMS = "iphoneos iphonesimulator";
				SUPPORTS_MACCATALYST = NO;
				SUPPORTS_MAC_DESIGNED_FOR_IPHONE_IPAD = YES;
				SWIFT_EMIT_LOC_STRINGS = YES;
				SWIFT_VERSION = 5.0;
				TARGETED_DEVICE_FAMILY = 1;
			};
			name = Debug;
		};
		FBE3B4B02A993D090035F46C /* Release */ = {
			isa = XCBuildConfiguration;
			buildSettings = {
				ASSETCATALOG_COMPILER_APPICON_NAME = AppIcon;
				ASSETCATALOG_COMPILER_GLOBAL_ACCENT_COLOR_NAME = AccentColor;
				CODE_SIGN_STYLE = Automatic;
				CURRENT_PROJECT_VERSION = 1;
				DEVELOPMENT_TEAM = UYLQK75UFF;
				GENERATE_INFOPLIST_FILE = YES;
				INFOPLIST_FILE = ImageFeed/Info.plist;
				INFOPLIST_KEY_UIApplicationSupportsIndirectInputEvents = YES;
				INFOPLIST_KEY_UILaunchStoryboardName = LaunchScreen;
				INFOPLIST_KEY_UIMainStoryboardFile = "";
				INFOPLIST_KEY_UISupportedInterfaceOrientations = UIInterfaceOrientationPortrait;
				INFOPLIST_KEY_UISupportedInterfaceOrientations_iPad = "UIInterfaceOrientationLandscapeLeft UIInterfaceOrientationLandscapeRight UIInterfaceOrientationPortrait UIInterfaceOrientationPortraitUpsideDown";
				IPHONEOS_DEPLOYMENT_TARGET = 13.0;
				LD_RUNPATH_SEARCH_PATHS = (
					"$(inherited)",
					"@executable_path/Frameworks",
				);
				MARKETING_VERSION = 1.0;
				PRODUCT_BUNDLE_IDENTIFIER = "online.e-craft.ImageFeed";
				PRODUCT_NAME = "$(TARGET_NAME)";
				SUPPORTED_PLATFORMS = "iphoneos iphonesimulator";
				SUPPORTS_MACCATALYST = NO;
				SUPPORTS_MAC_DESIGNED_FOR_IPHONE_IPAD = YES;
				SWIFT_EMIT_LOC_STRINGS = YES;
				SWIFT_VERSION = 5.0;
				TARGETED_DEVICE_FAMILY = 1;
			};
			name = Release;
		};
/* End XCBuildConfiguration section */

/* Begin XCConfigurationList section */
		FBD29F212B0BE9B600428098 /* Build configuration list for PBXNativeTarget "ImageFeedTests" */ = {
			isa = XCConfigurationList;
			buildConfigurations = (
				FBD29F222B0BE9B600428098 /* Debug */,
				FBD29F232B0BE9B600428098 /* Release */,
			);
			defaultConfigurationIsVisible = 0;
			defaultConfigurationName = Release;
		};
		FBD29F412B0E617C00428098 /* Build configuration list for PBXNativeTarget "ImageFeedUITests" */ = {
			isa = XCConfigurationList;
			buildConfigurations = (
				FBD29F3F2B0E617C00428098 /* Debug */,
				FBD29F402B0E617C00428098 /* Release */,
			);
			defaultConfigurationIsVisible = 0;
			defaultConfigurationName = Release;
		};
		FBE3B4952A993D080035F46C /* Build configuration list for PBXProject "ImageFeed" */ = {
			isa = XCConfigurationList;
			buildConfigurations = (
				FBE3B4AC2A993D090035F46C /* Debug */,
				FBE3B4AD2A993D090035F46C /* Release */,
			);
			defaultConfigurationIsVisible = 0;
			defaultConfigurationName = Release;
		};
		FBE3B4AE2A993D090035F46C /* Build configuration list for PBXNativeTarget "ImageFeed" */ = {
			isa = XCConfigurationList;
			buildConfigurations = (
				FBE3B4AF2A993D090035F46C /* Debug */,
				FBE3B4B02A993D090035F46C /* Release */,
			);
			defaultConfigurationIsVisible = 0;
			defaultConfigurationName = Release;
		};
/* End XCConfigurationList section */

/* Begin XCRemoteSwiftPackageReference section */
		FB1DF4372AE9940600D92905 /* XCRemoteSwiftPackageReference "Kingfisher" */ = {
			isa = XCRemoteSwiftPackageReference;
			repositoryURL = "https://github.com/onevcat/Kingfisher";
			requirement = {
				kind = upToNextMajorVersion;
				minimumVersion = 7.0.0;
			};
		};
		FB1DF43A2AE9A65F00D92905 /* XCRemoteSwiftPackageReference "SwiftKeychainWrapper" */ = {
			isa = XCRemoteSwiftPackageReference;
			repositoryURL = "https://github.com/jrendel/SwiftKeychainWrapper";
			requirement = {
				kind = upToNextMajorVersion;
				minimumVersion = 4.0.0;
			};
		};
		FB3D12C52AD473C9001CE4A9 /* XCRemoteSwiftPackageReference "ProgressHUD" */ = {
			isa = XCRemoteSwiftPackageReference;
			repositoryURL = "https://github.com/relatedcode/ProgressHUD";
			requirement = {
				kind = upToNextMajorVersion;
				minimumVersion = 13.0.0;
			};
		};
/* End XCRemoteSwiftPackageReference section */

/* Begin XCSwiftPackageProductDependency section */
		FB1DF4382AE9940600D92905 /* Kingfisher */ = {
			isa = XCSwiftPackageProductDependency;
			package = FB1DF4372AE9940600D92905 /* XCRemoteSwiftPackageReference "Kingfisher" */;
			productName = Kingfisher;
		};
		FB1DF43B2AE9A65F00D92905 /* SwiftKeychainWrapper */ = {
			isa = XCSwiftPackageProductDependency;
			package = FB1DF43A2AE9A65F00D92905 /* XCRemoteSwiftPackageReference "SwiftKeychainWrapper" */;
			productName = SwiftKeychainWrapper;
		};
		FB3D12C62AD473C9001CE4A9 /* ProgressHUD */ = {
			isa = XCSwiftPackageProductDependency;
			package = FB3D12C52AD473C9001CE4A9 /* XCRemoteSwiftPackageReference "ProgressHUD" */;
			productName = ProgressHUD;
		};
/* End XCSwiftPackageProductDependency section */
	};
	rootObject = FBE3B4922A993D080035F46C /* Project object */;
}
